
Microsoft Visual Studio Solution File, Format Version 12.00
# Visual Studio Version 16
VisualStudioVersion = 16.0.28822.285
MinimumVisualStudioVersion = 10.0.40219.1
Project("{FAE04EC0-301F-11D3-BF4B-00C04F79EFBC}") = "XamarinImageCaptureSample.Android", "XamarinImageCaptureSample\XamarinImageCaptureSample.Android\XamarinImageCaptureSample.Android.csproj", "{8341E45F-F8DF-4645-8ABF-F9F4C5855357}"
EndProject
Project("{FAE04EC0-301F-11D3-BF4B-00C04F79EFBC}") = "XamarinImageCaptureSample.iOS", "XamarinImageCaptureSample\XamarinImageCaptureSample.iOS\XamarinImageCaptureSample.iOS.csproj", "{FA7D6FA6-154C-48A9-AEBC-24A1ECC8A12A}"
EndProject
Project("{FAE04EC0-301F-11D3-BF4B-00C04F79EFBC}") = "XamarinImageCaptureSample", "XamarinImageCaptureSample\XamarinImageCaptureSample\XamarinImageCaptureSample.csproj", "{3BFB0741-C899-4EA5-AE79-58B336863A94}"
EndProject
Global
	GlobalSection(SolutionConfigurationPlatforms) = preSolution
		Debug|Any CPU = Debug|Any CPU
		Debug|iPhone = Debug|iPhone
		Debug|iPhoneSimulator = Debug|iPhoneSimulator
		Release|Any CPU = Release|Any CPU
		Release|iPhone = Release|iPhone
		Release|iPhoneSimulator = Release|iPhoneSimulator
	EndGlobalSection
	GlobalSection(ProjectConfigurationPlatforms) = postSolution
		{8341E45F-F8DF-4645-8ABF-F9F4C5855357}.Debug|Any CPU.ActiveCfg = Debug|Any CPU
		{8341E45F-F8DF-4645-8ABF-F9F4C5855357}.Debug|Any CPU.Build.0 = Debug|Any CPU
		{8341E45F-F8DF-4645-8ABF-F9F4C5855357}.Debug|Any CPU.Deploy.0 = Debug|Any CPU
		{8341E45F-F8DF-4645-8ABF-F9F4C5855357}.Debug|iPhone.ActiveCfg = Debug|Any CPU
		{8341E45F-F8DF-4645-8ABF-F9F4C5855357}.Debug|iPhone.Build.0 = Debug|Any CPU
		{8341E45F-F8DF-4645-8ABF-F9F4C5855357}.Debug|iPhone.Deploy.0 = Debug|Any CPU
		{8341E45F-F8DF-4645-8ABF-F9F4C5855357}.Debug|iPhoneSimulator.ActiveCfg = Debug|Any CPU
		{8341E45F-F8DF-4645-8ABF-F9F4C5855357}.Debug|iPhoneSimulator.Build.0 = Debug|Any CPU
		{8341E45F-F8DF-4645-8ABF-F9F4C5855357}.Debug|iPhoneSimulator.Deploy.0 = Debug|Any CPU
		{8341E45F-F8DF-4645-8ABF-F9F4C5855357}.Release|Any CPU.ActiveCfg = Release|Any CPU
		{8341E45F-F8DF-4645-8ABF-F9F4C5855357}.Release|Any CPU.Build.0 = Release|Any CPU
		{8341E45F-F8DF-4645-8ABF-F9F4C5855357}.Release|Any CPU.Deploy.0 = Release|Any CPU
		{8341E45F-F8DF-4645-8ABF-F9F4C5855357}.Release|iPhone.ActiveCfg = Release|Any CPU
		{8341E45F-F8DF-4645-8ABF-F9F4C5855357}.Release|iPhone.Build.0 = Release|Any CPU
		{8341E45F-F8DF-4645-8ABF-F9F4C5855357}.Release|iPhone.Deploy.0 = Release|Any CPU
		{8341E45F-F8DF-4645-8ABF-F9F4C5855357}.Release|iPhoneSimulator.ActiveCfg = Release|Any CPU
		{8341E45F-F8DF-4645-8ABF-F9F4C5855357}.Release|iPhoneSimulator.Build.0 = Release|Any CPU
		{8341E45F-F8DF-4645-8ABF-F9F4C5855357}.Release|iPhoneSimulator.Deploy.0 = Release|Any CPU
		{FA7D6FA6-154C-48A9-AEBC-24A1ECC8A12A}.Debug|Any CPU.ActiveCfg = Debug|iPhoneSimulator
		{FA7D6FA6-154C-48A9-AEBC-24A1ECC8A12A}.Debug|Any CPU.Build.0 = Debug|iPhoneSimulator
		{FA7D6FA6-154C-48A9-AEBC-24A1ECC8A12A}.Debug|Any CPU.Deploy.0 = Debug|iPhoneSimulator
		{FA7D6FA6-154C-48A9-AEBC-24A1ECC8A12A}.Debug|iPhone.ActiveCfg = Debug|iPhone
		{FA7D6FA6-154C-48A9-AEBC-24A1ECC8A12A}.Debug|iPhone.Build.0 = Debug|iPhone
		{FA7D6FA6-154C-48A9-AEBC-24A1ECC8A12A}.Debug|iPhone.Deploy.0 = Debug|iPhone
		{FA7D6FA6-154C-48A9-AEBC-24A1ECC8A12A}.Debug|iPhoneSimulator.ActiveCfg = Debug|iPhoneSimulator
		{FA7D6FA6-154C-48A9-AEBC-24A1ECC8A12A}.Debug|iPhoneSimulator.Build.0 = Debug|iPhoneSimulator
		{FA7D6FA6-154C-48A9-AEBC-24A1ECC8A12A}.Debug|iPhoneSimulator.Deploy.0 = Debug|iPhoneSimulator
		{FA7D6FA6-154C-48A9-AEBC-24A1ECC8A12A}.Release|Any CPU.ActiveCfg = Release|iPhone
		{FA7D6FA6-154C-48A9-AEBC-24A1ECC8A12A}.Release|Any CPU.Build.0 = Release|iPhone
		{FA7D6FA6-154C-48A9-AEBC-24A1ECC8A12A}.Release|Any CPU.Deploy.0 = Release|iPhone
		{FA7D6FA6-154C-48A9-AEBC-24A1ECC8A12A}.Release|iPhone.ActiveCfg = Release|iPhone
		{FA7D6FA6-154C-48A9-AEBC-24A1ECC8A12A}.Release|iPhone.Build.0 = Release|iPhone
		{FA7D6FA6-154C-48A9-AEBC-24A1ECC8A12A}.Release|iPhone.Deploy.0 = Release|iPhone
		{FA7D6FA6-154C-48A9-AEBC-24A1ECC8A12A}.Release|iPhoneSimulator.ActiveCfg = Release|iPhoneSimulator
		{FA7D6FA6-154C-48A9-AEBC-24A1ECC8A12A}.Release|iPhoneSimulator.Build.0 = Release|iPhoneSimulator
		{FA7D6FA6-154C-48A9-AEBC-24A1ECC8A12A}.Release|iPhoneSimulator.Deploy.0 = Release|iPhoneSimulator
		{3BFB0741-C899-4EA5-AE79-58B336863A94}.Debug|Any CPU.ActiveCfg = Debug|Any CPU
		{3BFB0741-C899-4EA5-AE79-58B336863A94}.Debug|Any CPU.Build.0 = Debug|Any CPU
		{3BFB0741-C899-4EA5-AE79-58B336863A94}.Debug|Any CPU.Deploy.0 = Debug|Any CPU
		{3BFB0741-C899-4EA5-AE79-58B336863A94}.Debug|iPhone.ActiveCfg = Debug|Any CPU
		{3BFB0741-C899-4EA5-AE79-58B336863A94}.Debug|iPhone.Build.0 = Debug|Any CPU
		{3BFB0741-C899-4EA5-AE79-58B336863A94}.Debug|iPhone.Deploy.0 = Debug|Any CPU
		{3BFB0741-C899-4EA5-AE79-58B336863A94}.Debug|iPhoneSimulator.ActiveCfg = Debug|Any CPU
		{3BFB0741-C899-4EA5-AE79-58B336863A94}.Debug|iPhoneSimulator.Build.0 = Debug|Any CPU
		{3BFB0741-C899-4EA5-AE79-58B336863A94}.Debug|iPhoneSimulator.Deploy.0 = Debug|Any CPU
		{3BFB0741-C899-4EA5-AE79-58B336863A94}.Release|Any CPU.ActiveCfg = Release|Any CPU
		{3BFB0741-C899-4EA5-AE79-58B336863A94}.Release|Any CPU.Build.0 = Release|Any CPU
		{3BFB0741-C899-4EA5-AE79-58B336863A94}.Release|Any CPU.Deploy.0 = Release|Any CPU
		{3BFB0741-C899-4EA5-AE79-58B336863A94}.Release|iPhone.ActiveCfg = Release|Any CPU
		{3BFB0741-C899-4EA5-AE79-58B336863A94}.Release|iPhone.Build.0 = Release|Any CPU
		{3BFB0741-C899-4EA5-AE79-58B336863A94}.Release|iPhone.Deploy.0 = Release|Any CPU
		{3BFB0741-C899-4EA5-AE79-58B336863A94}.Release|iPhoneSimulator.ActiveCfg = Release|Any CPU
		{3BFB0741-C899-4EA5-AE79-58B336863A94}.Release|iPhoneSimulator.Build.0 = Release|Any CPU
		{3BFB0741-C899-4EA5-AE79-58B336863A94}.Release|iPhoneSimulator.Deploy.0 = Release|Any CPU
	EndGlobalSection
	GlobalSection(SolutionProperties) = preSolution
		HideSolutionNode = FALSE
	EndGlobalSection
	GlobalSection(ExtensibilityGlobals) = postSolution
		SolutionGuid = {B6F56CD7-5A6F-4F81-8DA6-4B8430D47409}
	EndGlobalSection
EndGlobal
